// !$*UTF8*$!
{
	archiveVersion = 1;
	classes = {
	};
	objectVersion = 55;
	objects = {

/* Begin PBXBuildFile section */
		2B102F2328AD7AC30021C2DE /* SwiftUIMemo.xcdatamodeld in Sources */ = {isa = PBXBuildFile; fileRef = 2B102F1028AD7AC30021C2DE /* SwiftUIMemo.xcdatamodeld */; };
		2B102F2428AD7AC30021C2DE /* SwiftUIMemo.xcdatamodeld in Sources */ = {isa = PBXBuildFile; fileRef = 2B102F1028AD7AC30021C2DE /* SwiftUIMemo.xcdatamodeld */; };
		2B102F2528AD7AC30021C2DE /* SwiftUIMemoApp.swift in Sources */ = {isa = PBXBuildFile; fileRef = 2B102F1228AD7AC30021C2DE /* SwiftUIMemoApp.swift */; };
		2B102F2628AD7AC30021C2DE /* SwiftUIMemoApp.swift in Sources */ = {isa = PBXBuildFile; fileRef = 2B102F1228AD7AC30021C2DE /* SwiftUIMemoApp.swift */; };
		2B102F2928AD7AC30021C2DE /* Persistence.swift in Sources */ = {isa = PBXBuildFile; fileRef = 2B102F1428AD7AC30021C2DE /* Persistence.swift */; };
		2B102F2A28AD7AC30021C2DE /* Persistence.swift in Sources */ = {isa = PBXBuildFile; fileRef = 2B102F1428AD7AC30021C2DE /* Persistence.swift */; };
		2B102F2B28AD7AC30021C2DE /* Assets.xcassets in Resources */ = {isa = PBXBuildFile; fileRef = 2B102F1528AD7AC30021C2DE /* Assets.xcassets */; };
		2B102F2C28AD7AC30021C2DE /* Assets.xcassets in Resources */ = {isa = PBXBuildFile; fileRef = 2B102F1528AD7AC30021C2DE /* Assets.xcassets */; };
		2B102F3628AD7B610021C2DE /* MainListView.swift in Sources */ = {isa = PBXBuildFile; fileRef = 2B102F3528AD7B610021C2DE /* MainListView.swift */; };
		2B102F3728AD7B610021C2DE /* MainListView.swift in Sources */ = {isa = PBXBuildFile; fileRef = 2B102F3528AD7B610021C2DE /* MainListView.swift */; };
		2B102F3B28AD7C640021C2DE /* Memo.swift in Sources */ = {isa = PBXBuildFile; fileRef = 2B102F3A28AD7C640021C2DE /* Memo.swift */; };
		2B102F3C28AD7C640021C2DE /* Memo.swift in Sources */ = {isa = PBXBuildFile; fileRef = 2B102F3A28AD7C640021C2DE /* Memo.swift */; };
		2B102F3E28AD7CF30021C2DE /* MemoStore.swift in Sources */ = {isa = PBXBuildFile; fileRef = 2B102F3D28AD7CF30021C2DE /* MemoStore.swift */; };
		2B102F3F28AD7CF30021C2DE /* MemoStore.swift in Sources */ = {isa = PBXBuildFile; fileRef = 2B102F3D28AD7CF30021C2DE /* MemoStore.swift */; };
		2B102F4228AD82B50021C2DE /* MemoCell.swift in Sources */ = {isa = PBXBuildFile; fileRef = 2B102F4128AD82B50021C2DE /* MemoCell.swift */; };
		2B102F4328AD82B50021C2DE /* MemoCell.swift in Sources */ = {isa = PBXBuildFile; fileRef = 2B102F4128AD82B50021C2DE /* MemoCell.swift */; };
/* End PBXBuildFile section */

/* Begin PBXFileReference section */
		2B102F1128AD7AC30021C2DE /* Shared.xcdatamodel */ = {isa = PBXFileReference; lastKnownFileType = wrapper.xcdatamodel; path = Shared.xcdatamodel; sourceTree = "<group>"; };
		2B102F1228AD7AC30021C2DE /* SwiftUIMemoApp.swift */ = {isa = PBXFileReference; lastKnownFileType = sourcecode.swift; path = SwiftUIMemoApp.swift; sourceTree = "<group>"; };
		2B102F1428AD7AC30021C2DE /* Persistence.swift */ = {isa = PBXFileReference; lastKnownFileType = sourcecode.swift; path = Persistence.swift; sourceTree = "<group>"; };
		2B102F1528AD7AC30021C2DE /* Assets.xcassets */ = {isa = PBXFileReference; lastKnownFileType = folder.assetcatalog; path = Assets.xcassets; sourceTree = "<group>"; };
		2B102F1A28AD7AC30021C2DE /* SwiftUIMemo.app */ = {isa = PBXFileReference; explicitFileType = wrapper.application; includeInIndex = 0; path = SwiftUIMemo.app; sourceTree = BUILT_PRODUCTS_DIR; };
		2B102F2028AD7AC30021C2DE /* SwiftUIMemo.app */ = {isa = PBXFileReference; explicitFileType = wrapper.application; includeInIndex = 0; path = SwiftUIMemo.app; sourceTree = BUILT_PRODUCTS_DIR; };
		2B102F2228AD7AC30021C2DE /* macOS.entitlements */ = {isa = PBXFileReference; lastKnownFileType = text.plist.entitlements; path = macOS.entitlements; sourceTree = "<group>"; };
		2B102F3528AD7B610021C2DE /* MainListView.swift */ = {isa = PBXFileReference; lastKnownFileType = sourcecode.swift; path = MainListView.swift; sourceTree = "<group>"; };
		2B102F3A28AD7C640021C2DE /* Memo.swift */ = {isa = PBXFileReference; lastKnownFileType = sourcecode.swift; path = Memo.swift; sourceTree = "<group>"; };
		2B102F3D28AD7CF30021C2DE /* MemoStore.swift */ = {isa = PBXFileReference; lastKnownFileType = sourcecode.swift; path = MemoStore.swift; sourceTree = "<group>"; };
		2B102F4128AD82B50021C2DE /* MemoCell.swift */ = {isa = PBXFileReference; lastKnownFileType = sourcecode.swift; path = MemoCell.swift; sourceTree = "<group>"; };
/* End PBXFileReference section */

/* Begin PBXFrameworksBuildPhase section */
		2B102F1728AD7AC30021C2DE /* Frameworks */ = {
			isa = PBXFrameworksBuildPhase;
			buildActionMask = 2147483647;
			files = (
			);
			runOnlyForDeploymentPostprocessing = 0;
		};
		2B102F1D28AD7AC30021C2DE /* Frameworks */ = {
			isa = PBXFrameworksBuildPhase;
			buildActionMask = 2147483647;
			files = (
			);
			runOnlyForDeploymentPostprocessing = 0;
		};
/* End PBXFrameworksBuildPhase section */

/* Begin PBXGroup section */
		2B102F0A28AD7AC30021C2DE = {
			isa = PBXGroup;
			children = (
				2B102F0F28AD7AC30021C2DE /* Shared */,
				2B102F2128AD7AC30021C2DE /* macOS */,
				2B102F1B28AD7AC30021C2DE /* Products */,
			);
			sourceTree = "<group>";
		};
		2B102F0F28AD7AC30021C2DE /* Shared */ = {
			isa = PBXGroup;
			children = (
				2B102F4028AD82A10021C2DE /* View */,
				2B102F3928AD7BB20021C2DE /* Memory */,
				2B102F3828AD7BA80021C2DE /* CoreData */,
				2B102F1228AD7AC30021C2DE /* SwiftUIMemoApp.swift */,
				2B102F3528AD7B610021C2DE /* MainListView.swift */,
				2B102F1528AD7AC30021C2DE /* Assets.xcassets */,
			);
			path = Shared;
			sourceTree = "<group>";
		};
		2B102F1B28AD7AC30021C2DE /* Products */ = {
			isa = PBXGroup;
			children = (
				2B102F1A28AD7AC30021C2DE /* SwiftUIMemo.app */,
				2B102F2028AD7AC30021C2DE /* SwiftUIMemo.app */,
			);
			name = Products;
			sourceTree = "<group>";
		};
		2B102F2128AD7AC30021C2DE /* macOS */ = {
			isa = PBXGroup;
			children = (
				2B102F2228AD7AC30021C2DE /* macOS.entitlements */,
			);
			path = macOS;
			sourceTree = "<group>";
		};
		2B102F3828AD7BA80021C2DE /* CoreData */ = {
			isa = PBXGroup;
			children = (
				2B102F1428AD7AC30021C2DE /* Persistence.swift */,
				2B102F1028AD7AC30021C2DE /* SwiftUIMemo.xcdatamodeld */,
			);
			path = CoreData;
			sourceTree = "<group>";
		};
		2B102F3928AD7BB20021C2DE /* Memory */ = {
			isa = PBXGroup;
			children = (
				2B102F3A28AD7C640021C2DE /* Memo.swift */,
				2B102F3D28AD7CF30021C2DE /* MemoStore.swift */,
			);
			path = Memory;
			sourceTree = "<group>";
		};
		2B102F4028AD82A10021C2DE /* View */ = {
			isa = PBXGroup;
			children = (
				2B102F4128AD82B50021C2DE /* MemoCell.swift */,
			);
			path = View;
			sourceTree = "<group>";
		};
/* End PBXGroup section */

/* Begin PBXNativeTarget section */
		2B102F1928AD7AC30021C2DE /* SwiftUIMemo (iOS) */ = {
			isa = PBXNativeTarget;
			buildConfigurationList = 2B102F2F28AD7AC30021C2DE /* Build configuration list for PBXNativeTarget "SwiftUIMemo (iOS)" */;
			buildPhases = (
				2B102F1628AD7AC30021C2DE /* Sources */,
				2B102F1728AD7AC30021C2DE /* Frameworks */,
				2B102F1828AD7AC30021C2DE /* Resources */,
			);
			buildRules = (
			);
			dependencies = (
			);
			name = "SwiftUIMemo (iOS)";
			productName = "SwiftUIMemo (iOS)";
			productReference = 2B102F1A28AD7AC30021C2DE /* SwiftUIMemo.app */;
			productType = "com.apple.product-type.application";
		};
		2B102F1F28AD7AC30021C2DE /* SwiftUIMemo (macOS) */ = {
			isa = PBXNativeTarget;
			buildConfigurationList = 2B102F3228AD7AC30021C2DE /* Build configuration list for PBXNativeTarget "SwiftUIMemo (macOS)" */;
			buildPhases = (
				2B102F1C28AD7AC30021C2DE /* Sources */,
				2B102F1D28AD7AC30021C2DE /* Frameworks */,
				2B102F1E28AD7AC30021C2DE /* Resources */,
			);
			buildRules = (
			);
			dependencies = (
			);
			name = "SwiftUIMemo (macOS)";
			productName = "SwiftUIMemo (macOS)";
			productReference = 2B102F2028AD7AC30021C2DE /* SwiftUIMemo.app */;
			productType = "com.apple.product-type.application";
		};
/* End PBXNativeTarget section */

/* Begin PBXProject section */
		2B102F0B28AD7AC30021C2DE /* Project object */ = {
			isa = PBXProject;
			attributes = {
				BuildIndependentTargetsInParallel = 1;
				LastSwiftUpdateCheck = 1340;
				LastUpgradeCheck = 1340;
				TargetAttributes = {
					2B102F1928AD7AC30021C2DE = {
						CreatedOnToolsVersion = 13.4.1;
					};
					2B102F1F28AD7AC30021C2DE = {
						CreatedOnToolsVersion = 13.4.1;
					};
				};
			};
			buildConfigurationList = 2B102F0E28AD7AC30021C2DE /* Build configuration list for PBXProject "SwiftUIMemo" */;
			compatibilityVersion = "Xcode 13.0";
			developmentRegion = en;
			hasScannedForEncodings = 0;
			knownRegions = (
				en,
				Base,
			);
			mainGroup = 2B102F0A28AD7AC30021C2DE;
			productRefGroup = 2B102F1B28AD7AC30021C2DE /* Products */;
			projectDirPath = "";
			projectRoot = "";
			targets = (
				2B102F1928AD7AC30021C2DE /* SwiftUIMemo (iOS) */,
				2B102F1F28AD7AC30021C2DE /* SwiftUIMemo (macOS) */,
			);
		};
/* End PBXProject section */

/* Begin PBXResourcesBuildPhase section */
		2B102F1828AD7AC30021C2DE /* Resources */ = {
			isa = PBXResourcesBuildPhase;
			buildActionMask = 2147483647;
			files = (
				2B102F2B28AD7AC30021C2DE /* Assets.xcassets in Resources */,
			);
			runOnlyForDeploymentPostprocessing = 0;
		};
		2B102F1E28AD7AC30021C2DE /* Resources */ = {
			isa = PBXResourcesBuildPhase;
			buildActionMask = 2147483647;
			files = (
				2B102F2C28AD7AC30021C2DE /* Assets.xcassets in Resources */,
			);
			runOnlyForDeploymentPostprocessing = 0;
		};
/* End PBXResourcesBuildPhase section */

/* Begin PBXSourcesBuildPhase section */
		2B102F1628AD7AC30021C2DE /* Sources */ = {
			isa = PBXSourcesBuildPhase;
			buildActionMask = 2147483647;
			files = (
				2B102F4228AD82B50021C2DE /* MemoCell.swift in Sources */,
				2B102F2328AD7AC30021C2DE /* SwiftUIMemo.xcdatamodeld in Sources */,
				2B102F3E28AD7CF30021C2DE /* MemoStore.swift in Sources */,
				2B102F3628AD7B610021C2DE /* MainListView.swift in Sources */,
				2B102F2928AD7AC30021C2DE /* Persistence.swift in Sources */,
				2B102F2528AD7AC30021C2DE /* SwiftUIMemoApp.swift in Sources */,
				2B102F3B28AD7C640021C2DE /* Memo.swift in Sources */,
			);
			runOnlyForDeploymentPostprocessing = 0;
		};
		2B102F1C28AD7AC30021C2DE /* Sources */ = {
			isa = PBXSourcesBuildPhase;
			buildActionMask = 2147483647;
			files = (
				2B102F4328AD82B50021C2DE /* MemoCell.swift in Sources */,
				2B102F2428AD7AC30021C2DE /* SwiftUIMemo.xcdatamodeld in Sources */,
				2B102F3F28AD7CF30021C2DE /* MemoStore.swift in Sources */,
				2B102F3728AD7B610021C2DE /* MainListView.swift in Sources */,
				2B102F2A28AD7AC30021C2DE /* Persistence.swift in Sources */,
				2B102F2628AD7AC30021C2DE /* SwiftUIMemoApp.swift in Sources */,
				2B102F3C28AD7C640021C2DE /* Memo.swift in Sources */,
			);
			runOnlyForDeploymentPostprocessing = 0;
		};
/* End PBXSourcesBuildPhase section */

/* Begin XCBuildConfiguration section */
		2B102F2D28AD7AC30021C2DE /* Debug */ = {
			isa = XCBuildConfiguration;
			buildSettings = {
				ALWAYS_SEARCH_USER_PATHS = NO;
				CLANG_ANALYZER_NONNULL = YES;
				CLANG_ANALYZER_NUMBER_OBJECT_CONVERSION = YES_AGGRESSIVE;
				CLANG_CXX_LANGUAGE_STANDARD = "gnu++17";
				CLANG_ENABLE_MODULES = YES;
				CLANG_ENABLE_OBJC_ARC = YES;
				CLANG_ENABLE_OBJC_WEAK = YES;
				CLANG_WARN_BLOCK_CAPTURE_AUTORELEASING = YES;
				CLANG_WARN_BOOL_CONVERSION = YES;
				CLANG_WARN_COMMA = YES;
				CLANG_WARN_CONSTANT_CONVERSION = YES;
				CLANG_WARN_DEPRECATED_OBJC_IMPLEMENTATIONS = YES;
				CLANG_WARN_DIRECT_OBJC_ISA_USAGE = YES_ERROR;
				CLANG_WARN_DOCUMENTATION_COMMENTS = YES;
				CLANG_WARN_EMPTY_BODY = YES;
				CLANG_WARN_ENUM_CONVERSION = YES;
				CLANG_WARN_INFINITE_RECURSION = YES;
				CLANG_WARN_INT_CONVERSION = YES;
				CLANG_WARN_NON_LITERAL_NULL_CONVERSION = YES;
				CLANG_WARN_OBJC_IMPLICIT_RETAIN_SELF = YES;
				CLANG_WARN_OBJC_LITERAL_CONVERSION = YES;
				CLANG_WARN_OBJC_ROOT_CLASS = YES_ERROR;
				CLANG_WARN_QUOTED_INCLUDE_IN_FRAMEWORK_HEADER = YES;
				CLANG_WARN_RANGE_LOOP_ANALYSIS = YES;
				CLANG_WARN_STRICT_PROTOTYPES = YES;
				CLANG_WARN_SUSPICIOUS_MOVE = YES;
				CLANG_WARN_UNGUARDED_AVAILABILITY = YES_AGGRESSIVE;
				CLANG_WARN_UNREACHABLE_CODE = YES;
				CLANG_WARN__DUPLICATE_METHOD_MATCH = YES;
				COPY_PHASE_STRIP = NO;
				DEBUG_INFORMATION_FORMAT = dwarf;
				ENABLE_STRICT_OBJC_MSGSEND = YES;
				ENABLE_TESTABILITY = YES;
				GCC_C_LANGUAGE_STANDARD = gnu11;
				GCC_DYNAMIC_NO_PIC = NO;
				GCC_NO_COMMON_BLOCKS = YES;
				GCC_OPTIMIZATION_LEVEL = 0;
				GCC_PREPROCESSOR_DEFINITIONS = (
					"DEBUG=1",
					"$(inherited)",
				);
				GCC_WARN_64_TO_32_BIT_CONVERSION = YES;
				GCC_WARN_ABOUT_RETURN_TYPE = YES_ERROR;
				GCC_WARN_UNDECLARED_SELECTOR = YES;
				GCC_WARN_UNINITIALIZED_AUTOS = YES_AGGRESSIVE;
				GCC_WARN_UNUSED_FUNCTION = YES;
				GCC_WARN_UNUSED_VARIABLE = YES;
				MTL_ENABLE_DEBUG_INFO = INCLUDE_SOURCE;
				MTL_FAST_MATH = YES;
				ONLY_ACTIVE_ARCH = YES;
				SWIFT_ACTIVE_COMPILATION_CONDITIONS = DEBUG;
				SWIFT_OPTIMIZATION_LEVEL = "-Onone";
			};
			name = Debug;
		};
		2B102F2E28AD7AC30021C2DE /* Release */ = {
			isa = XCBuildConfiguration;
			buildSettings = {
				ALWAYS_SEARCH_USER_PATHS = NO;
				CLANG_ANALYZER_NONNULL = YES;
				CLANG_ANALYZER_NUMBER_OBJECT_CONVERSION = YES_AGGRESSIVE;
				CLANG_CXX_LANGUAGE_STANDARD = "gnu++17";
				CLANG_ENABLE_MODULES = YES;
				CLANG_ENABLE_OBJC_ARC = YES;
				CLANG_ENABLE_OBJC_WEAK = YES;
				CLANG_WARN_BLOCK_CAPTURE_AUTORELEASING = YES;
				CLANG_WARN_BOOL_CONVERSION = YES;
				CLANG_WARN_COMMA = YES;
				CLANG_WARN_CONSTANT_CONVERSION = YES;
				CLANG_WARN_DEPRECATED_OBJC_IMPLEMENTATIONS = YES;
				CLANG_WARN_DIRECT_OBJC_ISA_USAGE = YES_ERROR;
				CLANG_WARN_DOCUMENTATION_COMMENTS = YES;
				CLANG_WARN_EMPTY_BODY = YES;
				CLANG_WARN_ENUM_CONVERSION = YES;
				CLANG_WARN_INFINITE_RECURSION = YES;
				CLANG_WARN_INT_CONVERSION = YES;
				CLANG_WARN_NON_LITERAL_NULL_CONVERSION = YES;
				CLANG_WARN_OBJC_IMPLICIT_RETAIN_SELF = YES;
				CLANG_WARN_OBJC_LITERAL_CONVERSION = YES;
				CLANG_WARN_OBJC_ROOT_CLASS = YES_ERROR;
				CLANG_WARN_QUOTED_INCLUDE_IN_FRAMEWORK_HEADER = YES;
				CLANG_WARN_RANGE_LOOP_ANALYSIS = YES;
				CLANG_WARN_STRICT_PROTOTYPES = YES;
				CLANG_WARN_SUSPICIOUS_MOVE = YES;
				CLANG_WARN_UNGUARDED_AVAILABILITY = YES_AGGRESSIVE;
				CLANG_WARN_UNREACHABLE_CODE = YES;
				CLANG_WARN__DUPLICATE_METHOD_MATCH = YES;
				COPY_PHASE_STRIP = NO;
				DEBUG_INFORMATION_FORMAT = "dwarf-with-dsym";
				ENABLE_NS_ASSERTIONS = NO;
				ENABLE_STRICT_OBJC_MSGSEND = YES;
				GCC_C_LANGUAGE_STANDARD = gnu11;
				GCC_NO_COMMON_BLOCKS = YES;
				GCC_WARN_64_TO_32_BIT_CONVERSION = YES;
				GCC_WARN_ABOUT_RETURN_TYPE = YES_ERROR;
				GCC_WARN_UNDECLARED_SELECTOR = YES;
				GCC_WARN_UNINITIALIZED_AUTOS = YES_AGGRESSIVE;
				GCC_WARN_UNUSED_FUNCTION = YES;
				GCC_WARN_UNUSED_VARIABLE = YES;
				MTL_ENABLE_DEBUG_INFO = NO;
				MTL_FAST_MATH = YES;
				SWIFT_COMPILATION_MODE = wholemodule;
				SWIFT_OPTIMIZATION_LEVEL = "-O";
			};
			name = Release;
		};
		2B102F3028AD7AC30021C2DE /* Debug */ = {
			isa = XCBuildConfiguration;
			buildSettings = {
				ASSETCATALOG_COMPILER_APPICON_NAME = AppIcon;
				ASSETCATALOG_COMPILER_GLOBAL_ACCENT_COLOR_NAME = AccentColor;
				CODE_SIGN_STYLE = Automatic;
				CURRENT_PROJECT_VERSION = 1;
				DEVELOPMENT_TEAM = LQ3MLPS8YF;
				ENABLE_PREVIEWS = YES;
				GENERATE_INFOPLIST_FILE = YES;
				INFOPLIST_KEY_UIApplicationSceneManifest_Generation = YES;
				INFOPLIST_KEY_UIApplicationSupportsIndirectInputEvents = YES;
				INFOPLIST_KEY_UILaunchScreen_Generation = YES;
				INFOPLIST_KEY_UISupportedInterfaceOrientations_iPad = "UIInterfaceOrientationPortrait UIInterfaceOrientationPortraitUpsideDown UIInterfaceOrientationLandscapeLeft UIInterfaceOrientationLandscapeRight";
				INFOPLIST_KEY_UISupportedInterfaceOrientations_iPhone = "UIInterfaceOrientationPortrait UIInterfaceOrientationLandscapeLeft UIInterfaceOrientationLandscapeRight";
				IPHONEOS_DEPLOYMENT_TARGET = 15.5;
				LD_RUNPATH_SEARCH_PATHS = (
					"$(inherited)",
					"@executable_path/Frameworks",
				);
				MARKETING_VERSION = 1.0;
				PRODUCT_BUNDLE_IDENTIFIER = Nzukei.SwiftUIMemo;
				PRODUCT_NAME = SwiftUIMemo;
				SDKROOT = iphoneos;
				SWIFT_EMIT_LOC_STRINGS = YES;
				SWIFT_VERSION = 5.0;
				TARGETED_DEVICE_FAMILY = "1,2";
			};
			name = Debug;
		};
		2B102F3128AD7AC30021C2DE /* Release */ = {
			isa = XCBuildConfiguration;
			buildSettings = {
				ASSETCATALOG_COMPILER_APPICON_NAME = AppIcon;
				ASSETCATALOG_COMPILER_GLOBAL_ACCENT_COLOR_NAME = AccentColor;
				CODE_SIGN_STYLE = Automatic;
				CURRENT_PROJECT_VERSION = 1;
				DEVELOPMENT_TEAM = LQ3MLPS8YF;
				ENABLE_PREVIEWS = YES;
				GENERATE_INFOPLIST_FILE = YES;
				INFOPLIST_KEY_UIApplicationSceneManifest_Generation = YES;
				INFOPLIST_KEY_UIApplicationSupportsIndirectInputEvents = YES;
				INFOPLIST_KEY_UILaunchScreen_Generation = YES;
				INFOPLIST_KEY_UISupportedInterfaceOrientations_iPad = "UIInterfaceOrientationPortrait UIInterfaceOrientationPortraitUpsideDown UIInterfaceOrientationLandscapeLeft UIInterfaceOrientationLandscapeRight";
				INFOPLIST_KEY_UISupportedInterfaceOrientations_iPhone = "UIInterfaceOrientationPortrait UIInterfaceOrientationLandscapeLeft UIInterfaceOrientationLandscapeRight";
				IPHONEOS_DEPLOYMENT_TARGET = 15.5;
				LD_RUNPATH_SEARCH_PATHS = (
					"$(inherited)",
					"@executable_path/Frameworks",
				);
				MARKETING_VERSION = 1.0;
				PRODUCT_BUNDLE_IDENTIFIER = Nzukei.SwiftUIMemo;
				PRODUCT_NAME = SwiftUIMemo;
				SDKROOT = iphoneos;
				SWIFT_EMIT_LOC_STRINGS = YES;
				SWIFT_VERSION = 5.0;
				TARGETED_DEVICE_FAMILY = "1,2";
				VALIDATE_PRODUCT = YES;
			};
			name = Release;
		};
		2B102F3328AD7AC30021C2DE /* Debug */ = {
			isa = XCBuildConfiguration;
			buildSettings = {
				ASSETCATALOG_COMPILER_APPICON_NAME = AppIcon;
				ASSETCATALOG_COMPILER_GLOBAL_ACCENT_COLOR_NAME = AccentColor;
				CODE_SIGN_ENTITLEMENTS = macOS/macOS.entitlements;
				CODE_SIGN_STYLE = Automatic;
				COMBINE_HIDPI_IMAGES = YES;
				CURRENT_PROJECT_VERSION = 1;
				DEVELOPMENT_TEAM = LQ3MLPS8YF;
				ENABLE_HARDENED_RUNTIME = YES;
				ENABLE_PREVIEWS = YES;
				GENERATE_INFOPLIST_FILE = YES;
				INFOPLIST_KEY_NSHumanReadableCopyright = "";
				LD_RUNPATH_SEARCH_PATHS = (
					"$(inherited)",
					"@executable_path/../Frameworks",
				);
				MACOSX_DEPLOYMENT_TARGET = 12.3;
				MARKETING_VERSION = 1.0;
				PRODUCT_BUNDLE_IDENTIFIER = Nzukei.SwiftUIMemo;
				PRODUCT_NAME = SwiftUIMemo;
				SDKROOT = macosx;
				SWIFT_EMIT_LOC_STRINGS = YES;
				SWIFT_VERSION = 5.0;
			};
			name = Debug;
		};
		2B102F3428AD7AC30021C2DE /* Release */ = {
			isa = XCBuildConfiguration;
			buildSettings = {
				ASSETCATALOG_COMPILER_APPICON_NAME = AppIcon;
				ASSETCATALOG_COMPILER_GLOBAL_ACCENT_COLOR_NAME = AccentColor;
				CODE_SIGN_ENTITLEMENTS = macOS/macOS.entitlements;
				CODE_SIGN_STYLE = Automatic;
				COMBINE_HIDPI_IMAGES = YES;
				CURRENT_PROJECT_VERSION = 1;
				DEVELOPMENT_TEAM = LQ3MLPS8YF;
				ENABLE_HARDENED_RUNTIME = YES;
				ENABLE_PREVIEWS = YES;
				GENERATE_INFOPLIST_FILE = YES;
				INFOPLIST_KEY_NSHumanReadableCopyright = "";
				LD_RUNPATH_SEARCH_PATHS = (
					"$(inherited)",
					"@executable_path/../Frameworks",
				);
				MACOSX_DEPLOYMENT_TARGET = 12.3;
				MARKETING_VERSION = 1.0;
				PRODUCT_BUNDLE_IDENTIFIER = Nzukei.SwiftUIMemo;
				PRODUCT_NAME = SwiftUIMemo;
				SDKROOT = macosx;
				SWIFT_EMIT_LOC_STRINGS = YES;
				SWIFT_VERSION = 5.0;
			};
			name = Release;
		};
/* End XCBuildConfiguration section */

/* Begin XCConfigurationList section */
		2B102F0E28AD7AC30021C2DE /* Build configuration list for PBXProject "SwiftUIMemo" */ = {
			isa = XCConfigurationList;
			buildConfigurations = (
				2B102F2D28AD7AC30021C2DE /* Debug */,
				2B102F2E28AD7AC30021C2DE /* Release */,
			);
			defaultConfigurationIsVisible = 0;
			defaultConfigurationName = Release;
		};
		2B102F2F28AD7AC30021C2DE /* Build configuration list for PBXNativeTarget "SwiftUIMemo (iOS)" */ = {
			isa = XCConfigurationList;
			buildConfigurations = (
				2B102F3028AD7AC30021C2DE /* Debug */,
				2B102F3128AD7AC30021C2DE /* Release */,
			);
			defaultConfigurationIsVisible = 0;
			defaultConfigurationName = Release;
		};
		2B102F3228AD7AC30021C2DE /* Build configuration list for PBXNativeTarget "SwiftUIMemo (macOS)" */ = {
			isa = XCConfigurationList;
			buildConfigurations = (
				2B102F3328AD7AC30021C2DE /* Debug */,
				2B102F3428AD7AC30021C2DE /* Release */,
			);
			defaultConfigurationIsVisible = 0;
			defaultConfigurationName = Release;
		};
/* End XCConfigurationList section */

/* Begin XCVersionGroup section */
		2B102F1028AD7AC30021C2DE /* SwiftUIMemo.xcdatamodeld */ = {
			isa = XCVersionGroup;
			children = (
				2B102F1128AD7AC30021C2DE /* Shared.xcdatamodel */,
			);
			currentVersion = 2B102F1128AD7AC30021C2DE /* Shared.xcdatamodel */;
			path = SwiftUIMemo.xcdatamodeld;
			sourceTree = "<group>";
			versionGroupType = wrapper.xcdatamodel;
		};
/* End XCVersionGroup section */
	};
	rootObject = 2B102F0B28AD7AC30021C2DE /* Project object */;
}
